
Microsoft Visual Studio Solution File, Format Version 12.00
# Visual Studio Version 18
VisualStudioVersion = 18.4.11620.152 stable
MinimumVisualStudioVersion = 10.0.40219.1
Project("{FAE04EC0-301F-11D3-BF4B-00C04F79EFBC}") = "SPICBlazorApp", "SPICBlazorApp\SPICBlazorApp.csproj", "{730D1E2D-F681-4329-9C32-AC77F33EB8AA}"
EndProject
Project("{FAE04EC0-301F-11D3-BF4B-00C04F79EFBC}") = "SpicAPI", "SpicAPI\SpicAPI.csproj", "{AECD7B31-60B0-4D20-97BA-EFAABEDC0898}"
EndProject
Project("{FAE04EC0-301F-11D3-BF4B-00C04F79EFBC}") = "SPIC.Core", "SPIC.Core\SPIC.Core.csproj", "{7DDA8EB1-2D39-4F29-A1E1-5659D497B89D}"
EndProject
Project("{FAE04EC0-301F-11D3-BF4B-00C04F79EFBC}") = "Spic.Infrastructure", "Spic.Infrastructure\Spic.Infrastructure.csproj", "{B756C96C-D89B-4C6D-8B47-3D2B0E02C1E7}"
EndProject
Project("{FAE04EC0-301F-11D3-BF4B-00C04F79EFBC}") = "SPIC.Worker", "SPIC.Worker\SPIC.Worker.csproj", "{0F8AF83B-B046-4B12-8399-68126AC497B2}"
EndProject
Project("{FAE04EC0-301F-11D3-BF4B-00C04F79EFBC}") = "SPIC.MauiBlazorApp", "SPIC.MauiBlazorApp\SPIC.MauiBlazorApp\SPIC.MauiBlazorApp.csproj", "{639CD75C-8067-404D-A09F-64EC4DAED911}"
EndProject
Project("{FAE04EC0-301F-11D3-BF4B-00C04F79EFBC}") = "SPIC.MauiBlazorApp.Shared", "SPIC.MauiBlazorApp\SPIC.MauiBlazorApp.Shared\SPIC.MauiBlazorApp.Shared.csproj", "{5DF4F19E-F529-454A-8031-38B8B2378196}"
EndProject
Project("{FAE04EC0-301F-11D3-BF4B-00C04F79EFBC}") = "SPIC.MauiBlazorApp.Web", "SPIC.MauiBlazorApp\SPIC.MauiBlazorApp.Web\SPIC.MauiBlazorApp.Web.csproj", "{ED8D2352-D971-46A1-B076-ED85DF14B02A}"
EndProject
Global
	GlobalSection(SolutionConfigurationPlatforms) = preSolution
		Debug|Any CPU = Debug|Any CPU
		Release|Any CPU = Release|Any CPU
	EndGlobalSection
	GlobalSection(ProjectConfigurationPlatforms) = postSolution
		{730D1E2D-F681-4329-9C32-AC77F33EB8AA}.Debug|Any CPU.ActiveCfg = Debug|Any CPU
		{730D1E2D-F681-4329-9C32-AC77F33EB8AA}.Debug|Any CPU.Build.0 = Debug|Any CPU
		{730D1E2D-F681-4329-9C32-AC77F33EB8AA}.Release|Any CPU.ActiveCfg = Release|Any CPU
		{730D1E2D-F681-4329-9C32-AC77F33EB8AA}.Release|Any CPU.Build.0 = Release|Any CPU
		{AECD7B31-60B0-4D20-97BA-EFAABEDC0898}.Debug|Any CPU.ActiveCfg = Debug|Any CPU
		{AECD7B31-60B0-4D20-97BA-EFAABEDC0898}.Debug|Any CPU.Build.0 = Debug|Any CPU
		{AECD7B31-60B0-4D20-97BA-EFAABEDC0898}.Release|Any CPU.ActiveCfg = Release|Any CPU
		{AECD7B31-60B0-4D20-97BA-EFAABEDC0898}.Release|Any CPU.Build.0 = Release|Any CPU
		{7DDA8EB1-2D39-4F29-A1E1-5659D497B89D}.Debug|Any CPU.ActiveCfg = Debug|Any CPU
		{7DDA8EB1-2D39-4F29-A1E1-5659D497B89D}.Debug|Any CPU.Build.0 = Debug|Any CPU
		{7DDA8EB1-2D39-4F29-A1E1-5659D497B89D}.Release|Any CPU.ActiveCfg = Release|Any CPU
		{7DDA8EB1-2D39-4F29-A1E1-5659D497B89D}.Release|Any CPU.Build.0 = Release|Any CPU
		{B756C96C-D89B-4C6D-8B47-3D2B0E02C1E7}.Debug|Any CPU.ActiveCfg = Debug|Any CPU
		{B756C96C-D89B-4C6D-8B47-3D2B0E02C1E7}.Debug|Any CPU.Build.0 = Debug|Any CPU
		{B756C96C-D89B-4C6D-8B47-3D2B0E02C1E7}.Release|Any CPU.ActiveCfg = Release|Any CPU
		{B756C96C-D89B-4C6D-8B47-3D2B0E02C1E7}.Release|Any CPU.Build.0 = Release|Any CPU
		{0F8AF83B-B046-4B12-8399-68126AC497B2}.Debug|Any CPU.ActiveCfg = Debug|Any CPU
		{0F8AF83B-B046-4B12-8399-68126AC497B2}.Debug|Any CPU.Build.0 = Debug|Any CPU
		{0F8AF83B-B046-4B12-8399-68126AC497B2}.Release|Any CPU.ActiveCfg = Release|Any CPU
		{0F8AF83B-B046-4B12-8399-68126AC497B2}.Release|Any CPU.Build.0 = Release|Any CPU
		{639CD75C-8067-404D-A09F-64EC4DAED911}.Debug|Any CPU.ActiveCfg = Debug|Any CPU
		{639CD75C-8067-404D-A09F-64EC4DAED911}.Debug|Any CPU.Build.0 = Debug|Any CPU
		{639CD75C-8067-404D-A09F-64EC4DAED911}.Release|Any CPU.ActiveCfg = Release|Any CPU
		{639CD75C-8067-404D-A09F-64EC4DAED911}.Release|Any CPU.Build.0 = Release|Any CPU
		{5DF4F19E-F529-454A-8031-38B8B2378196}.Debug|Any CPU.ActiveCfg = Debug|Any CPU
		{5DF4F19E-F529-454A-8031-38B8B2378196}.Debug|Any CPU.Build.0 = Debug|Any CPU
		{5DF4F19E-F529-454A-8031-38B8B2378196}.Release|Any CPU.ActiveCfg = Release|Any CPU
		{5DF4F19E-F529-454A-8031-38B8B2378196}.Release|Any CPU.Build.0 = Release|Any CPU
		{ED8D2352-D971-46A1-B076-ED85DF14B02A}.Debug|Any CPU.ActiveCfg = Debug|Any CPU
		{ED8D2352-D971-46A1-B076-ED85DF14B02A}.Debug|Any CPU.Build.0 = Debug|Any CPU
		{ED8D2352-D971-46A1-B076-ED85DF14B02A}.Release|Any CPU.ActiveCfg = Release|Any CPU
		{ED8D2352-D971-46A1-B076-ED85DF14B02A}.Release|Any CPU.Build.0 = Release|Any CPU
	EndGlobalSection
	GlobalSection(SolutionProperties) = preSolution
		HideSolutionNode = FALSE
	EndGlobalSection
	GlobalSection(ExtensibilityGlobals) = postSolution
		SolutionGuid = {F7454960-0A02-4066-8239-274A4EB53A4A}
	EndGlobalSection
EndGlobal
